# THIS IS AN AUTOGENERATED FILE. DO NOT EDIT THIS FILE DIRECTLY.
# yarn lockfile v1


"@0tuedon/bitcoin_rpcjs@^1.0.0":
  version "1.0.0"
  resolved "https://registry.yarnpkg.com/@0tuedon/bitcoin_rpcjs/-/bitcoin_rpcjs-1.0.0.tgz#98279511ac4077201f8764b428298e3154e131ec"
  integrity sha512-tEDD4bRnCcvYHQ4Rv8vyWpj3Wq3Wf/q9Y43vq/jpktdC91L1g6EXuHdC3t2Os9lqt9C3H2hm+42XzWh+KeWa2A==
